
Microsoft Visual Studio Solution File, Format Version 12.00
# Visual Studio 15
VisualStudioVersion = 15.0.27703.2018
MinimumVisualStudioVersion = 10.0.40219.1
Project("{FAE04EC0-301F-11D3-BF4B-00C04F79EFBC}") = "DarkKnightCoders", "DarkKnightCoders\DarkKnightCoders.csproj", "{8F676C72-0F20-4165-82AD-66665FBD629A}"
EndProject
Project("{FAE04EC0-301F-11D3-BF4B-00C04F79EFBC}") = "Analyzer", "Analyzer\Analyzer.csproj", "{0E95DC28-E711-4028-87EB-ADB07FB715EE}"
EndProject
Global
	GlobalSection(SolutionConfigurationPlatforms) = preSolution
		Debug|Any CPU = Debug|Any CPU
		Release|Any CPU = Release|Any CPU
	EndGlobalSection
	GlobalSection(ProjectConfigurationPlatforms) = postSolution
		{8F676C72-0F20-4165-82AD-66665FBD629A}.Debug|Any CPU.ActiveCfg = Debug|Any CPU
		{8F676C72-0F20-4165-82AD-66665FBD629A}.Debug|Any CPU.Build.0 = Debug|Any CPU
		{8F676C72-0F20-4165-82AD-66665FBD629A}.Release|Any CPU.ActiveCfg = Release|Any CPU
		{8F676C72-0F20-4165-82AD-66665FBD629A}.Release|Any CPU.Build.0 = Release|Any CPU
		{0E95DC28-E711-4028-87EB-ADB07FB715EE}.Debug|Any CPU.ActiveCfg = Debug|Any CPU
		{0E95DC28-E711-4028-87EB-ADB07FB715EE}.Debug|Any CPU.Build.0 = Debug|Any CPU
		{0E95DC28-E711-4028-87EB-ADB07FB715EE}.Release|Any CPU.ActiveCfg = Release|Any CPU
		{0E95DC28-E711-4028-87EB-ADB07FB715EE}.Release|Any CPU.Build.0 = Release|Any CPU
	EndGlobalSection
	GlobalSection(SolutionProperties) = preSolution
		HideSolutionNode = FALSE
	EndGlobalSection
	GlobalSection(ExtensibilityGlobals) = postSolution
		SolutionGuid = {BFB22A94-7CE3-475D-8EBF-4BD250CDC583}
	EndGlobalSection
EndGlobal
